
Microsoft Visual Studio Solution File, Format Version 12.00
# Visual Studio Version 17
VisualStudioVersion = 17.10.35027.167
MinimumVisualStudioVersion = 10.0.40219.1
Project("{FAE04EC0-301F-11D3-BF4B-00C04F79EFBC}") = "Alıştırma Aritmetik Operatör", "Alıştırma Aritmetik Operatör\Alıştırma Aritmetik Operatör.csproj", "{5D236E22-F83D-4378-84E5-C7472FB26709}"
EndProject
Global
	GlobalSection(SolutionConfigurationPlatforms) = preSolution
		Debug|Any CPU = Debug|Any CPU
		Release|Any CPU = Release|Any CPU
	EndGlobalSection
	GlobalSection(ProjectConfigurationPlatforms) = postSolution
		{5D236E22-F83D-4378-84E5-C7472FB26709}.Debug|Any CPU.ActiveCfg = Debug|Any CPU
		{5D236E22-F83D-4378-84E5-C7472FB26709}.Debug|Any CPU.Build.0 = Debug|Any CPU
		{5D236E22-F83D-4378-84E5-C7472FB26709}.Release|Any CPU.ActiveCfg = Release|Any CPU
		{5D236E22-F83D-4378-84E5-C7472FB26709}.Release|Any CPU.Build.0 = Release|Any CPU
	EndGlobalSection
	GlobalSection(SolutionProperties) = preSolution
		HideSolutionNode = FALSE
	EndGlobalSection
	GlobalSection(ExtensibilityGlobals) = postSolution
		SolutionGuid = {A4D24AC6-4376-432C-BE49-3A46C6389F83}
	EndGlobalSection
EndGlobal
