
Microsoft Visual Studio Solution File, Format Version 12.00
# Visual Studio Version 17
VisualStudioVersion = 17.11.35208.52
MinimumVisualStudioVersion = 10.0.40219.1
Project("{FAE04EC0-301F-11D3-BF4B-00C04F79EFBC}") = "Try-Catch", "Try-Catch\Try-Catch.csproj", "{3FBB0FBD-299E-4DC8-9ECE-36356D854A78}"
EndProject
Global
	GlobalSection(SolutionConfigurationPlatforms) = preSolution
		Debug|Any CPU = Debug|Any CPU
		Release|Any CPU = Release|Any CPU
	EndGlobalSection
	GlobalSection(ProjectConfigurationPlatforms) = postSolution
		{3FBB0FBD-299E-4DC8-9ECE-36356D854A78}.Debug|Any CPU.ActiveCfg = Debug|Any CPU
		{3FBB0FBD-299E-4DC8-9ECE-36356D854A78}.Debug|Any CPU.Build.0 = Debug|Any CPU
		{3FBB0FBD-299E-4DC8-9ECE-36356D854A78}.Release|Any CPU.ActiveCfg = Release|Any CPU
		{3FBB0FBD-299E-4DC8-9ECE-36356D854A78}.Release|Any CPU.Build.0 = Release|Any CPU
	EndGlobalSection
	GlobalSection(SolutionProperties) = preSolution
		HideSolutionNode = FALSE
	EndGlobalSection
	GlobalSection(ExtensibilityGlobals) = postSolution
		SolutionGuid = {F869CD12-C110-4F77-8C92-ED9E5DB3FD52}
	EndGlobalSection
EndGlobal
