
Microsoft Visual Studio Solution File, Format Version 12.00
# Visual Studio Version 17
VisualStudioVersion = 17.10.35122.118
MinimumVisualStudioVersion = 10.0.40219.1
Project("{FAE04EC0-301F-11D3-BF4B-00C04F79EFBC}") = "Generic Koleksiyonlar", "Generic Koleksiyonlar\Generic Koleksiyonlar.csproj", "{789E5B0A-7639-43F0-9830-08193A835B62}"
EndProject
Global
	GlobalSection(SolutionConfigurationPlatforms) = preSolution
		Debug|Any CPU = Debug|Any CPU
		Release|Any CPU = Release|Any CPU
	EndGlobalSection
	GlobalSection(ProjectConfigurationPlatforms) = postSolution
		{789E5B0A-7639-43F0-9830-08193A835B62}.Debug|Any CPU.ActiveCfg = Debug|Any CPU
		{789E5B0A-7639-43F0-9830-08193A835B62}.Debug|Any CPU.Build.0 = Debug|Any CPU
		{789E5B0A-7639-43F0-9830-08193A835B62}.Release|Any CPU.ActiveCfg = Release|Any CPU
		{789E5B0A-7639-43F0-9830-08193A835B62}.Release|Any CPU.Build.0 = Release|Any CPU
	EndGlobalSection
	GlobalSection(SolutionProperties) = preSolution
		HideSolutionNode = FALSE
	EndGlobalSection
	GlobalSection(ExtensibilityGlobals) = postSolution
		SolutionGuid = {AAF7C9E6-D149-4820-A8E6-B13D642E5CEC}
	EndGlobalSection
EndGlobal
