
Microsoft Visual Studio Solution File, Format Version 12.00
# Visual Studio Version 17
VisualStudioVersion = 17.10.35027.167
MinimumVisualStudioVersion = 10.0.40219.1
Project("{FAE04EC0-301F-11D3-BF4B-00C04F79EFBC}") = "OOP-Kapsülleme", "OOP-Kapsülleme\OOP-Kapsülleme.csproj", "{B602CC3E-9B5D-48D7-A0FB-72A8C3E26867}"
EndProject
Global
	GlobalSection(SolutionConfigurationPlatforms) = preSolution
		Debug|Any CPU = Debug|Any CPU
		Release|Any CPU = Release|Any CPU
	EndGlobalSection
	GlobalSection(ProjectConfigurationPlatforms) = postSolution
		{B602CC3E-9B5D-48D7-A0FB-72A8C3E26867}.Debug|Any CPU.ActiveCfg = Debug|Any CPU
		{B602CC3E-9B5D-48D7-A0FB-72A8C3E26867}.Debug|Any CPU.Build.0 = Debug|Any CPU
		{B602CC3E-9B5D-48D7-A0FB-72A8C3E26867}.Release|Any CPU.ActiveCfg = Release|Any CPU
		{B602CC3E-9B5D-48D7-A0FB-72A8C3E26867}.Release|Any CPU.Build.0 = Release|Any CPU
	EndGlobalSection
	GlobalSection(SolutionProperties) = preSolution
		HideSolutionNode = FALSE
	EndGlobalSection
	GlobalSection(ExtensibilityGlobals) = postSolution
		SolutionGuid = {6779F184-3501-4BA6-BE28-4735B3CE7173}
	EndGlobalSection
EndGlobal
