
Microsoft Visual Studio Solution File, Format Version 12.00
# Visual Studio Version 17
VisualStudioVersion = 17.10.35027.167
MinimumVisualStudioVersion = 10.0.40219.1
Project("{FAE04EC0-301F-11D3-BF4B-00C04F79EFBC}") = "Alıştırma1", "Alıştırma1\Alıştırma1.csproj", "{121D28FB-C0A9-4EC7-8D2E-EAB4AFC11846}"
EndProject
Global
	GlobalSection(SolutionConfigurationPlatforms) = preSolution
		Debug|Any CPU = Debug|Any CPU
		Release|Any CPU = Release|Any CPU
	EndGlobalSection
	GlobalSection(ProjectConfigurationPlatforms) = postSolution
		{121D28FB-C0A9-4EC7-8D2E-EAB4AFC11846}.Debug|Any CPU.ActiveCfg = Debug|Any CPU
		{121D28FB-C0A9-4EC7-8D2E-EAB4AFC11846}.Debug|Any CPU.Build.0 = Debug|Any CPU
		{121D28FB-C0A9-4EC7-8D2E-EAB4AFC11846}.Release|Any CPU.ActiveCfg = Release|Any CPU
		{121D28FB-C0A9-4EC7-8D2E-EAB4AFC11846}.Release|Any CPU.Build.0 = Release|Any CPU
	EndGlobalSection
	GlobalSection(SolutionProperties) = preSolution
		HideSolutionNode = FALSE
	EndGlobalSection
	GlobalSection(ExtensibilityGlobals) = postSolution
		SolutionGuid = {D62203C5-3699-4E32-973E-6C65E561D821}
	EndGlobalSection
EndGlobal
