
Microsoft Visual Studio Solution File, Format Version 12.00
# Visual Studio Version 17
VisualStudioVersion = 17.11.35208.52
MinimumVisualStudioVersion = 10.0.40219.1
Project("{FAE04EC0-301F-11D3-BF4B-00C04F79EFBC}") = "DirectoryIslemleri", "DirectoryIslemleri\DirectoryIslemleri.csproj", "{12810FBE-79B6-4AE7-B427-6EB6F240C6C1}"
EndProject
Project("{FAE04EC0-301F-11D3-BF4B-00C04F79EFBC}") = "KlasörIslemleri", "KlasörIslemleri\KlasörIslemleri.csproj", "{E10933F1-0EA8-44E4-B730-627EA63E84F9}"
EndProject
Project("{FAE04EC0-301F-11D3-BF4B-00C04F79EFBC}") = "SystemIOWinForm", "SystemIOWinForm\SystemIOWinForm.csproj", "{2DF35A51-F718-43A7-9F05-EA7167AF4FA0}"
EndProject
Global
	GlobalSection(SolutionConfigurationPlatforms) = preSolution
		Debug|Any CPU = Debug|Any CPU
		Release|Any CPU = Release|Any CPU
	EndGlobalSection
	GlobalSection(ProjectConfigurationPlatforms) = postSolution
		{12810FBE-79B6-4AE7-B427-6EB6F240C6C1}.Debug|Any CPU.ActiveCfg = Debug|Any CPU
		{12810FBE-79B6-4AE7-B427-6EB6F240C6C1}.Debug|Any CPU.Build.0 = Debug|Any CPU
		{12810FBE-79B6-4AE7-B427-6EB6F240C6C1}.Release|Any CPU.ActiveCfg = Release|Any CPU
		{12810FBE-79B6-4AE7-B427-6EB6F240C6C1}.Release|Any CPU.Build.0 = Release|Any CPU
		{E10933F1-0EA8-44E4-B730-627EA63E84F9}.Debug|Any CPU.ActiveCfg = Debug|Any CPU
		{E10933F1-0EA8-44E4-B730-627EA63E84F9}.Debug|Any CPU.Build.0 = Debug|Any CPU
		{E10933F1-0EA8-44E4-B730-627EA63E84F9}.Release|Any CPU.ActiveCfg = Release|Any CPU
		{E10933F1-0EA8-44E4-B730-627EA63E84F9}.Release|Any CPU.Build.0 = Release|Any CPU
		{2DF35A51-F718-43A7-9F05-EA7167AF4FA0}.Debug|Any CPU.ActiveCfg = Debug|Any CPU
		{2DF35A51-F718-43A7-9F05-EA7167AF4FA0}.Debug|Any CPU.Build.0 = Debug|Any CPU
		{2DF35A51-F718-43A7-9F05-EA7167AF4FA0}.Release|Any CPU.ActiveCfg = Release|Any CPU
		{2DF35A51-F718-43A7-9F05-EA7167AF4FA0}.Release|Any CPU.Build.0 = Release|Any CPU
	EndGlobalSection
	GlobalSection(SolutionProperties) = preSolution
		HideSolutionNode = FALSE
	EndGlobalSection
	GlobalSection(ExtensibilityGlobals) = postSolution
		SolutionGuid = {481CC508-0A3D-4B6F-B3B4-65AC607AF19A}
	EndGlobalSection
EndGlobal
